#MicroXplorer Configuration settings - do not modify
CAD.formats=
CAD.pinconfig=
CAD.provider=
Dma.Request0=TIM1_CH1
Dma.RequestsNb=1
Dma.TIM1_CH1.0.Direction=DMA_MEMORY_TO_PERIPH
Dma.TIM1_CH1.0.EventEnable=DISABLE
Dma.TIM1_CH1.0.Instance=DMA1_Channel1
Dma.TIM1_CH1.0.MemDataAlignment=DMA_MDATAALIGN_HALFWORD
Dma.TIM1_CH1.0.MemInc=DMA_MINC_ENABLE
Dma.TIM1_CH1.0.Mode=DMA_NORMAL
Dma.TIM1_CH1.0.PeriphDataAlignment=DMA_PDATAALIGN_HALFWORD
Dma.TIM1_CH1.0.PeriphInc=DMA_PINC_DISABLE
Dma.TIM1_CH1.0.Polarity=HAL_DMAMUX_REQUEST_GEN_RISING
Dma.TIM1_CH1.0.Priority=DMA_PRIORITY_LOW
Dma.TIM1_CH1.0.RequestNumber=1
Dma.TIM1_CH1.0.RequestParameters=Instance,Direction,PeriphInc,MemInc,PeriphDataAlignment,MemDataAlignment,Mode,Priority,SignalID,Polarity,RequestNumber,SyncSignalID,SyncPolarity,SyncEnable,EventEnable,SyncRequestNumber
Dma.TIM1_CH1.0.SignalID=NONE
Dma.TIM1_CH1.0.SyncEnable=DISABLE
Dma.TIM1_CH1.0.SyncPolarity=HAL_DMAMUX_SYNC_NO_EVENT
Dma.TIM1_CH1.0.SyncRequestNumber=1
Dma.TIM1_CH1.0.SyncSignalID=NONE
File.Version=6
GPIO.groupedBy=Group By Peripherals
KeepUserPlacement=false
LPUART1.BaudRate=115200
LPUART1.IPParameters=BaudRate,WordLength
LPUART1.WordLength=UART_WORDLENGTH_8B
Mcu.CPN=STM32L4R5ZIT6
Mcu.Family=STM32L4
Mcu.IP0=DMA
Mcu.IP1=LPUART1
Mcu.IP10=TIM8
Mcu.IP11=USART2
Mcu.IP2=NVIC
Mcu.IP3=RCC
Mcu.IP4=SPI3
Mcu.IP5=SYS
Mcu.IP6=TIM1
Mcu.IP7=TIM2
Mcu.IP8=TIM3
Mcu.IP9=TIM4
Mcu.IPNb=12
Mcu.Name=STM32L4R5Z(G-I)Tx
Mcu.Package=LQFP144
Mcu.Pin0=PE3
Mcu.Pin1=PE4
Mcu.Pin10=PA5
Mcu.Pin11=PE9
Mcu.Pin12=PE10
Mcu.Pin13=PE12
Mcu.Pin14=PE14
Mcu.Pin15=PE15
Mcu.Pin16=PB11
Mcu.Pin17=PC6
Mcu.Pin18=PC10
Mcu.Pin19=PC12
Mcu.Pin2=PF3
Mcu.Pin20=PD2
Mcu.Pin21=PD4
Mcu.Pin22=PD5
Mcu.Pin23=PD7
Mcu.Pin24=PB6
Mcu.Pin25=VP_SYS_VS_Systick
Mcu.Pin26=VP_TIM1_VS_ClockSourceINT
Mcu.Pin27=VP_TIM4_VS_ClockSourceINT
Mcu.Pin28=VP_TIM8_VS_ControllerModeTrigger
Mcu.Pin29=VP_TIM8_VS_ClockSourceITR
Mcu.Pin3=PF5
Mcu.Pin4=PH0-OSC_IN (PH0)
Mcu.Pin5=PC0
Mcu.Pin6=PC1
Mcu.Pin7=PA1
Mcu.Pin8=PA2
Mcu.Pin9=PA3
Mcu.PinsNb=30
Mcu.ThirdPartyNb=0
Mcu.UserConstants=
Mcu.UserName=STM32L4R5ZITx
MxCube.Version=6.15.0
MxDb.Version=DB.6.0.150
NVIC.BusFault_IRQn=true\:0\:0\:false\:false\:true\:false\:false\:false
NVIC.DMA1_Channel1_IRQn=true\:0\:0\:false\:false\:true\:false\:true\:true
NVIC.DebugMonitor_IRQn=true\:0\:0\:false\:false\:true\:false\:false\:false
NVIC.EXTI4_IRQn=true\:0\:0\:false\:false\:true\:true\:true\:true
NVIC.ForceEnableDMAVector=true
NVIC.HardFault_IRQn=true\:0\:0\:false\:false\:true\:false\:false\:false
NVIC.MemoryManagement_IRQn=true\:0\:0\:false\:false\:true\:false\:false\:false
NVIC.NonMaskableInt_IRQn=true\:0\:0\:false\:false\:true\:false\:false\:false
NVIC.PendSV_IRQn=true\:0\:0\:false\:false\:true\:false\:false\:false
NVIC.PriorityGroup=NVIC_PRIORITYGROUP_4
NVIC.SVCall_IRQn=true\:0\:0\:false\:false\:true\:false\:false\:false
NVIC.SysTick_IRQn=true\:15\:0\:false\:false\:true\:false\:true\:false
NVIC.TIM1_UP_TIM16_IRQn=true\:0\:0\:false\:false\:true\:true\:true\:true
NVIC.TIM3_IRQn=true\:0\:0\:false\:false\:true\:true\:true\:true
NVIC.TIM4_IRQn=true\:0\:0\:false\:false\:true\:true\:true\:true
NVIC.TIM8_UP_IRQn=true\:0\:0\:false\:false\:true\:true\:true\:true
NVIC.USART2_IRQn=true\:0\:0\:false\:false\:true\:true\:true\:true
NVIC.UsageFault_IRQn=true\:0\:0\:false\:false\:true\:false\:false\:false
PA1.GPIOParameters=GPIO_Label
PA1.GPIO_Label=encoder out in1
PA1.Locked=true
PA1.Signal=GPIO_Output
PA2.GPIOParameters=GPIO_Label
PA2.GPIO_Label=encoder out in2
PA2.Locked=true
PA2.Signal=GPIO_Output
PA3.Locked=true
PA3.Mode=Asynchronous
PA3.Signal=USART2_RX
PA5.Locked=true
PA5.Signal=S_TIM2_CH1
PB11.Locked=true
PB11.Signal=GPIO_Output
PB6.Locked=true
PB6.Signal=S_TIM4_CH1
PC0.Locked=true
PC0.Mode=Asynchronous
PC0.Signal=LPUART1_RX
PC1.Locked=true
PC1.Mode=Asynchronous
PC1.Signal=LPUART1_TX
PC10.GPIOParameters=GPIO_Label
PC10.GPIO_Label=OLED_SCL
PC10.Locked=true
PC10.Mode=TX_Only_Simplex_Unidirect_Master
PC10.Signal=SPI3_SCK
PC12.GPIOParameters=GPIO_Label
PC12.GPIO_Label=OLED_SDA
PC12.Locked=true
PC12.Mode=TX_Only_Simplex_Unidirect_Master
PC12.Signal=SPI3_MOSI
PC6.Locked=true
PC6.Signal=S_TIM8_CH1
PD2.GPIOParameters=GPIO_Label
PD2.GPIO_Label=OLED_RES
PD2.Locked=true
PD2.Signal=GPIO_Output
PD4.Locked=true
PD4.Signal=GPXTI4
PD5.Locked=true
PD5.Mode=Asynchronous
PD5.Signal=USART2_TX
PD7.Locked=true
PD7.Signal=GPIO_Output
PE10.Locked=true
PE10.Signal=GPIO_Output
PE12.Locked=true
PE12.Signal=GPIO_Output
PE14.Locked=true
PE14.Signal=GPIO_Output
PE15.Locked=true
PE15.Signal=GPIO_Output
PE3.Locked=true
PE3.Signal=S_TIM3_CH1
PE4.Locked=true
PE4.Signal=S_TIM3_CH2
PE9.Locked=true
PE9.Signal=S_TIM1_CH1
PF3.GPIOParameters=GPIO_Label
PF3.GPIO_Label=OLED_DC
PF3.Locked=true
PF3.Signal=GPIO_Output
PF5.GPIOParameters=GPIO_Label
PF5.GPIO_Label=OLED_CS
PF5.Locked=true
PF5.Signal=GPIO_Output
PH0-OSC_IN\ (PH0).Locked=true
PH0-OSC_IN\ (PH0).Mode=HSE-External-Clock-Source
PH0-OSC_IN\ (PH0).Signal=RCC_OSC_IN
PinOutPanel.RotationAngle=0
ProjectManager.AskForMigrate=true
ProjectManager.BackupPrevious=false
ProjectManager.CompilerLinker=GCC
ProjectManager.CompilerOptimize=6
ProjectManager.ComputerToolchain=false
ProjectManager.CoupleFile=false
ProjectManager.CustomerFirmwarePackage=
ProjectManager.DefaultFWLocation=true
ProjectManager.DeletePrevious=true
ProjectManager.DeviceId=STM32L4R5ZITx
ProjectManager.FirmwarePackage=STM32Cube FW_L4 V1.18.1
ProjectManager.FreePins=false
ProjectManager.HalAssertFull=false
ProjectManager.HeapSize=0x200
ProjectManager.KeepUserCode=true
ProjectManager.LastFirmware=false
ProjectManager.LibraryCopy=1
ProjectManager.MainLocation=Core/Src
ProjectManager.NoMain=false
ProjectManager.PreviousToolchain=STM32CubeIDE
ProjectManager.ProjectBuild=false
ProjectManager.ProjectFileName=viola_led.ioc
ProjectManager.ProjectName=viola_led
ProjectManager.ProjectStructure=
ProjectManager.RegisterCallBack=
ProjectManager.StackSize=0x400
ProjectManager.TargetToolchain=STM32CubeIDE
ProjectManager.ToolChainLocation=
ProjectManager.UAScriptAfterPath=
ProjectManager.UAScriptBeforePath=
ProjectManager.UnderRoot=true
ProjectManager.functionlistsort=1-SystemClock_Config-RCC-false-HAL-false,2-MX_GPIO_Init-GPIO-false-HAL-true,3-MX_DMA_Init-DMA-false-HAL-true,4-MX_TIM1_Init-TIM1-false-HAL-true,5-MX_SPI3_Init-SPI3-false-HAL-true,6-MX_USART2_UART_Init-USART2-false-HAL-true,7-MX_TIM2_Init-TIM2-false-HAL-true,8-MX_TIM4_Init-TIM4-false-HAL-true,9-MX_LPUART1_UART_Init-LPUART1-false-HAL-true,10-MX_TIM3_Init-TIM3-false-HAL-true,11-MX_TIM8_Init-TIM8-false-HAL-true
RCC.ADCFreq_Value=64000000
RCC.AHBFreq_Value=72000000
RCC.APB1Freq_Value=72000000
RCC.APB1TimFreq_Value=72000000
RCC.APB2Freq_Value=72000000
RCC.APB2TimFreq_Value=72000000
RCC.CRSFreq_Value=48000000
RCC.CortexFreq_Value=72000000
RCC.DFSDMAudioFreq_Value=16000000
RCC.DFSDMFreq_Value=72000000
RCC.FCLKCortexFreq_Value=72000000
RCC.FamilyName=M
RCC.HCLKFreq_Value=72000000
RCC.HSE_VALUE=8000000
RCC.HSI48_VALUE=48000000
RCC.HSI_VALUE=16000000
RCC.I2C1Freq_Value=72000000
RCC.I2C2Freq_Value=72000000
RCC.I2C3Freq_Value=72000000
RCC.I2C4Freq_Value=72000000
RCC.IPParameters=ADCFreq_Value,AHBFreq_Value,APB1Freq_Value,APB1TimFreq_Value,APB2Freq_Value,APB2TimFreq_Value,CRSFreq_Value,CortexFreq_Value,DFSDMAudioFreq_Value,DFSDMFreq_Value,FCLKCortexFreq_Value,FamilyName,HCLKFreq_Value,HSE_VALUE,HSI48_VALUE,HSI_VALUE,I2C1Freq_Value,I2C2Freq_Value,I2C3Freq_Value,I2C4Freq_Value,LCDTFTFreq_Value,LPTIM1Freq_Value,LPTIM2Freq_Value,LPUART1Freq_Value,LSCOPinFreq_Value,LSE_VALUE,LSI_VALUE,MCO1PinFreq_Value,MSIClockRange,MSI_VALUE,OCTOSPIMFreq_Value,PLLM1,PLLN,PLLPoutputFreq_Value,PLLQoutputFreq_Value,PLLRCLKFreq_Value,PLLSAI1PoutputFreq_Value,PLLSAI1QoutputFreq_Value,PLLSAI1RoutputFreq_Value,PLLSAI2PoutputFreq_Value,PLLSAI2QoutputFreq_Value,PLLSAI2RoutputFreq_Value,PWRFreq_Value,RNGFreq_Value,SAI1Freq_Value,SAI2Freq_Value,SDMMCFreq_Value,SYSCLKFreq_VALUE,SYSCLKSource,UART4Freq_Value,UART5Freq_Value,USART1Freq_Value,USART2Freq_Value,USART3Freq_Value,USBFreq_Value,VCOInput2Freq_Value,VCOInput3Freq_Value,VCOInputFreq_Value,VCOOutputFreq_Value,VCOSAI1OutputFreq_Value,VCOSAI2OutputFreq_Value
RCC.LCDTFTFreq_Value=32000000
RCC.LPTIM1Freq_Value=72000000
RCC.LPTIM2Freq_Value=72000000
RCC.LPUART1Freq_Value=72000000
RCC.LSCOPinFreq_Value=32000
RCC.LSE_VALUE=32768
RCC.LSI_VALUE=32000
RCC.MCO1PinFreq_Value=72000000
RCC.MSIClockRange=RCC_MSIRANGE_8
RCC.MSI_VALUE=16000000
RCC.OCTOSPIMFreq_Value=72000000
RCC.PLLM1=2
RCC.PLLN=18
RCC.PLLPoutputFreq_Value=72000000
RCC.PLLQoutputFreq_Value=72000000
RCC.PLLRCLKFreq_Value=72000000
RCC.PLLSAI1PoutputFreq_Value=64000000
RCC.PLLSAI1QoutputFreq_Value=64000000
RCC.PLLSAI1RoutputFreq_Value=64000000
RCC.PLLSAI2PoutputFreq_Value=64000000
RCC.PLLSAI2QoutputFreq_Value=64000000
RCC.PLLSAI2RoutputFreq_Value=64000000
RCC.PWRFreq_Value=72000000
RCC.RNGFreq_Value=64000000
RCC.SAI1Freq_Value=64000000
RCC.SAI2Freq_Value=64000000
RCC.SDMMCFreq_Value=72000000
RCC.SYSCLKFreq_VALUE=72000000
RCC.SYSCLKSource=RCC_SYSCLKSOURCE_PLLCLK
RCC.UART4Freq_Value=72000000
RCC.UART5Freq_Value=72000000
RCC.USART1Freq_Value=72000000
RCC.USART2Freq_Value=72000000
RCC.USART3Freq_Value=72000000
RCC.USBFreq_Value=64000000
RCC.VCOInput2Freq_Value=16000000
RCC.VCOInput3Freq_Value=16000000
RCC.VCOInputFreq_Value=8000000
RCC.VCOOutputFreq_Value=144000000
RCC.VCOSAI1OutputFreq_Value=128000000
RCC.VCOSAI2OutputFreq_Value=128000000
SH.GPXTI4.0=GPIO_EXTI4
SH.GPXTI4.ConfNb=1
SH.S_TIM1_CH1.0=TIM1_CH1,PWM Generation1 CH1
SH.S_TIM1_CH1.ConfNb=1
SH.S_TIM2_CH1.0=TIM2_CH1,PWM Generation1 CH1
SH.S_TIM2_CH1.ConfNb=1
SH.S_TIM3_CH1.0=TIM3_CH1,Encoder_Interface
SH.S_TIM3_CH1.ConfNb=1
SH.S_TIM3_CH2.0=TIM3_CH2,Encoder_Interface
SH.S_TIM3_CH2.ConfNb=1
SH.S_TIM4_CH1.0=TIM4_CH1,PWM Generation1 CH1
SH.S_TIM4_CH1.ConfNb=1
SH.S_TIM8_CH1.0=TIM8_CH1,PWM Generation1 CH1
SH.S_TIM8_CH1.ConfNb=1
SPI3.BaudRatePrescaler=SPI_BAUDRATEPRESCALER_8
SPI3.CalculateBaudRate=9.0 MBits/s
SPI3.DataSize=SPI_DATASIZE_8BIT
SPI3.Direction=SPI_DIRECTION_2LINES
SPI3.IPParameters=VirtualType,Mode,Direction,CalculateBaudRate,DataSize,BaudRatePrescaler
SPI3.Mode=SPI_MODE_MASTER
SPI3.VirtualType=VM_MASTER
TIM1.Channel-PWM\ Generation1\ CH1=TIM_CHANNEL_1
TIM1.IPParameters=Channel-PWM Generation1 CH1,Prescaler,Period
TIM1.Period=89
TIM1.Prescaler=0
TIM2.Channel-Forced\ Output1\ CH1=TIM_CHANNEL_1
TIM2.Channel-PWM\ Generation1\ CH1=TIM_CHANNEL_1
TIM2.Channel-PWM\ Generation1\ No\ Output=TIM_CHANNEL_1
TIM2.IPParameters=Period,Channel-PWM Generation1 CH1,Channel-Forced Output1 CH1,Channel-PWM Generation1 No Output
TIM2.Period=65535
TIM3.EncoderMode=TIM_ENCODERMODE_TI12
TIM3.IC1Filter=5
TIM3.IC2Filter=5
TIM3.IPParameters=IC1Filter,IC2Filter,EncoderMode
TIM4.Channel-PWM\ Generation1\ CH1=TIM_CHANNEL_1
TIM4.IPParameters=Period,Prescaler,Channel-PWM Generation1 CH1,TIM_MasterOutputTrigger,Pulse-PWM Generation1 CH1
TIM4.Period=1999
TIM4.Prescaler=71
TIM4.Pulse-PWM\ Generation1\ CH1=999
TIM4.TIM_MasterOutputTrigger=TIM_TRGO_UPDATE
TIM8.Channel-PWM\ Generation1\ CH1=TIM_CHANNEL_1
TIM8.IPParameters=TIM_MasterOutputTrigger,Prescaler,Period,Channel-PWM Generation1 CH1
TIM8.Period=1999
TIM8.Prescaler=71
TIM8.TIM_MasterOutputTrigger=TIM_TRGO_RESET
USART2.BaudRate=31250
USART2.IPParameters=VirtualMode-Asynchronous,BaudRate
USART2.VirtualMode-Asynchronous=VM_ASYNC
VP_SYS_VS_Systick.Mode=SysTick
VP_SYS_VS_Systick.Signal=SYS_VS_Systick
VP_TIM1_VS_ClockSourceINT.Mode=Internal
VP_TIM1_VS_ClockSourceINT.Signal=TIM1_VS_ClockSourceINT
VP_TIM4_VS_ClockSourceINT.Mode=Internal
VP_TIM4_VS_ClockSourceINT.Signal=TIM4_VS_ClockSourceINT
VP_TIM8_VS_ClockSourceITR.Mode=TriggerSource_ITR2
VP_TIM8_VS_ClockSourceITR.Signal=TIM8_VS_ClockSourceITR
VP_TIM8_VS_ControllerModeTrigger.Mode=Trigger Mode
VP_TIM8_VS_ControllerModeTrigger.Signal=TIM8_VS_ControllerModeTrigger
board=custom
isbadioc=false
